<?xml version="1.0" encoding="utf-8"?>
<Project ToolsVersion="4.0" xmlns="http://schemas.microsoft.com/developer/msbuild/2003">
  <ItemGroup>
    <Filter Include="Source Files">
      <UniqueIdentifier>{3dc2a039-ba36-4beb-b1d5-35e431ae73d7}</UniqueIdentifier>
      <Extensions>cpp;c;cxx;rc;def;r;odl;idl;hpj;bat</Extensions>
    </Filter>
    <Filter Include="Header Files">
      <UniqueIdentifier>{36a3427e-00b7-4529-a4ec-3fd08b30d07f}</UniqueIdentifier>
      <Extensions>h;hpp;hxx;hm;inl</Extensions>
    </Filter>
    <Filter Include="Resource Files">
      <UniqueIdentifier>{d1c8e8b5-c191-4760-90e9-bcf65a011de7}</UniqueIdentifier>
      <Extensions>ico;cur;bmp;dlg;rc2;rct;bin;rgs;gif;jpg;jpeg;jpe</Extensions>
    </Filter>
  </ItemGroup>
  <ItemGroup>
    <ClCompile Include="StdAfx.cpp">
      <Filter>Source Files</Filter>
    </ClCompile>
    <ClCompile Include="MouseServer.cpp">
      <Filter>Source Files</Filter>
    </ClCompile>
    <ClCompile Include="MouseServerDlg.cpp">
      <Filter>Source Files</Filter>
    </ClCompile>
    <ClCompile Include="RemoteCMD_handler.cpp">
      <Filter>Source Files</Filter>
    </ClCompile>
    <ClCompile Include="MouseCMD_handler.cpp">
      <Filter>Source Files</Filter>
    </ClCompile>
    <ClCompile Include="PictureEx.cpp">
      <Filter>Source Files</Filter>
    </ClCompile>
    <ClCompile Include="SensorMouseCMD_handler.cpp">
      <Filter>Source Files</Filter>
    </ClCompile>
    <ClCompile Include="KeyboardCMD_handler.cpp">
      <Filter>Source Files</Filter>
    </ClCompile>
    <ClCompile Include="PPTmodeCMD_handler.cpp">
      <Filter>Source Files</Filter>
    </ClCompile>
    <ClCompile Include="Gomplayer_handler.cpp">
      <Filter>Source Files</Filter>
    </ClCompile>
    <ClCompile Include="ALshow_handler.cpp">
      <Filter>Source Files</Filter>
    </ClCompile>
    <ClCompile Include="MediaPlayer_handler.cpp">
      <Filter>Source Files</Filter>
    </ClCompile>
    <ClCompile Include="DaumPotPlayer_handler.cpp">
      <Filter>Source Files</Filter>
    </ClCompile>
  </ItemGroup>
  <ItemGroup>
    <ResourceCompile Include="MouseServer.rc">
      <Filter>Source Files</Filter>
    </ResourceCompile>
  </ItemGroup>
  <ItemGroup>
    <ClInclude Include="Resource.h">
      <Filter>Header Files</Filter>
    </ClInclude>
    <ClInclude Include="StdAfx.h">
      <Filter>Header Files</Filter>
    </ClInclude>
    <ClInclude Include="MouseServer.h">
      <Filter>Header Files</Filter>
    </ClInclude>
    <ClInclude Include="MouseServerDlg.h">
      <Filter>Header Files</Filter>
    </ClInclude>
    <ClInclude Include="RemoteCMD_handler.h">
      <Filter>Header Files</Filter>
    </ClInclude>
    <ClInclude Include="MouseCMD_handler.h">
      <Filter>Header Files</Filter>
    </ClInclude>
    <ClInclude Include="RXCMD.h">
      <Filter>Header Files</Filter>
    </ClInclude>
    <ClInclude Include="PictureEx.h">
      <Filter>Header Files</Filter>
    </ClInclude>
    <ClInclude Include="SensorMouseCMD_handler.h">
      <Filter>Header Files</Filter>
    </ClInclude>
    <ClInclude Include="KeyboardCMD_handler.h">
      <Filter>Header Files</Filter>
    </ClInclude>
    <ClInclude Include="PPTmodeCMD_handler.h">
      <Filter>Header Files</Filter>
    </ClInclude>
    <ClInclude Include="Gomplayer_handler.h">
      <Filter>Header Files</Filter>
    </ClInclude>
    <ClInclude Include="ALshow_handler.h">
      <Filter>Header Files</Filter>
    </ClInclude>
    <ClInclude Include="MediaPlayer_handler.h">
      <Filter>Header Files</Filter>
    </ClInclude>
    <ClInclude Include="DaumPotPlayer_handler.h">
      <Filter>Header Files</Filter>
    </ClInclude>
  </ItemGroup>
  <ItemGroup>
    <CustomBuild Include="ReadMe.txt" />
    <CustomBuild Include="res\MouseServer.ico">
      <Filter>Resource Files</Filter>
    </CustomBuild>
    <CustomBuild Include="res\MouseServer.rc2">
      <Filter>Resource Files</Filter>
    </CustomBuild>
  </ItemGroup>
  <ItemGroup>
    <None Include="res\loading.gif">
      <Filter>Resource Files</Filter>
    </None>
    <None Include="res\Android.bmp">
      <Filter>Resource Files</Filter>
    </None>
    <None Include="res\notebook.bmp">
      <Filter>Resource Files</Filter>
    </None>
    <None Include="res\bitmap1.bmp">
      <Filter>Resource Files</Filter>
    </None>
    <None Include="res\loading2.gif">
      <Filter>Resource Files</Filter>
    </None>
    <None Include="res\gif2.bin">
      <Filter>Resource Files</Filter>
    </None>
    <None Include="res\Animation.gif">
      <Filter>Resource Files</Filter>
    </None>
    <None Include="res\Android.ico">
      <Filter>Resource Files</Filter>
    </None>
    <None Include="res\htchoi.ico">
      <Filter>Resource Files</Filter>
    </None>
    <None Include="res\icon1.ico">
      <Filter>Resource Files</Filter>
    </None>
    <None Include="res\icon2.ico">
      <Filter>Resource Files</Filter>
    </None>
  </ItemGroup>
  <ItemGroup>
    <Image Include="res\remote.png">
      <Filter>Resource Files</Filter>
    </Image>
  </ItemGroup>
</Project>